
Microsoft Visual Studio Solution File, Format Version 12.00
# Visual Studio Version 16
VisualStudioVersion = 16.0.30204.135
MinimumVisualStudioVersion = 10.0.40219.1
Project("{FAE04EC0-301F-11D3-BF4B-00C04F79EFBC}") = "Comparison", "Comparison\Comparison.csproj", "{2FBA311A-59BE-4716-988B-F13BAEC8BA37}"
EndProject
Project("{FAE04EC0-301F-11D3-BF4B-00C04F79EFBC}") = "ProgramacaoFuncional", "ProgramacaoFuncional\ProgramacaoFuncional.csproj", "{B1172CBD-FE8D-46C6-80ED-97DDD7E9E76A}"
EndProject
Project("{FAE04EC0-301F-11D3-BF4B-00C04F79EFBC}") = "Delegates", "Delegates\Delegates.csproj", "{C67A8FA5-60F1-4E62-BA20-56947D1DCBB4}"
EndProject
Project("{FAE04EC0-301F-11D3-BF4B-00C04F79EFBC}") = "Predicate", "Predicate\Predicate.csproj", "{CA87624D-D7B0-46A0-9B78-94FFD796215E}"
EndProject
Project("{FAE04EC0-301F-11D3-BF4B-00C04F79EFBC}") = "Action", "Action\Action.csproj", "{3AF5829E-16CC-4317-8692-97EC2C5ECA01}"
EndProject
Project("{2150E333-8FDC-42A3-9474-1A3956D46DE8}") = "010 - Struct", "010 - Struct", "{89B3CEBF-3D56-403F-86F9-8452EDF653A4}"
EndProject
Project("{2150E333-8FDC-42A3-9474-1A3956D46DE8}") = "020", "020", "{775FDBBA-0E74-4620-A14F-C4E39525686D}"
EndProject
Project("{2150E333-8FDC-42A3-9474-1A3956D46DE8}") = "030", "030", "{D826B1E7-7C90-41CD-AD5C-5A177AD93F18}"
EndProject
Project("{2150E333-8FDC-42A3-9474-1A3956D46DE8}") = "040", "040", "{BCEB93C7-28DF-402B-BBCD-537E6F0D8C54}"
EndProject
Project("{2150E333-8FDC-42A3-9474-1A3956D46DE8}") = "050", "050", "{FB741534-AD97-4155-9246-9F84DAFF81BF}"
EndProject
Project("{2150E333-8FDC-42A3-9474-1A3956D46DE8}") = "060", "060", "{6718DE43-EF48-4E99-8AA2-FCB5B3A1C510}"
EndProject
Project("{2150E333-8FDC-42A3-9474-1A3956D46DE8}") = "070", "070", "{8F3C0BBF-8A6D-4E60-B397-247B10A82F9C}"
EndProject
Project("{2150E333-8FDC-42A3-9474-1A3956D46DE8}") = "080", "080", "{F8A026AB-BCC8-4CC3-8A21-8BBA7698E626}"
EndProject
Project("{2150E333-8FDC-42A3-9474-1A3956D46DE8}") = "090", "090", "{421DFC7B-251E-482E-913B-7E65C24410F8}"
EndProject
Project("{2150E333-8FDC-42A3-9474-1A3956D46DE8}") = "100", "100", "{32910F8B-52C7-4053-89C4-2194A03ACB8A}"
EndProject
Project("{2150E333-8FDC-42A3-9474-1A3956D46DE8}") = "110", "110", "{D3322B86-DF2F-4785-9237-D5C3284EE705}"
EndProject
Project("{FAE04EC0-301F-11D3-BF4B-00C04F79EFBC}") = "Func", "Func\Func.csproj", "{AD1BEA09-5346-4EC5-8D4A-122D535CC842}"
EndProject
Project("{2150E333-8FDC-42A3-9474-1A3956D46DE8}") = "120", "120", "{7514312D-23C1-4E1D-93A6-3164A2A77744}"
EndProject
Project("{FAE04EC0-301F-11D3-BF4B-00C04F79EFBC}") = "LINQ", "LINQ\LINQ.csproj", "{580A871B-BE9B-4F71-9685-08C5ED775999}"
EndProject
Global
	GlobalSection(SolutionConfigurationPlatforms) = preSolution
		Debug|Any CPU = Debug|Any CPU
		Release|Any CPU = Release|Any CPU
	EndGlobalSection
	GlobalSection(ProjectConfigurationPlatforms) = postSolution
		{2FBA311A-59BE-4716-988B-F13BAEC8BA37}.Debug|Any CPU.ActiveCfg = Debug|Any CPU
		{2FBA311A-59BE-4716-988B-F13BAEC8BA37}.Debug|Any CPU.Build.0 = Debug|Any CPU
		{2FBA311A-59BE-4716-988B-F13BAEC8BA37}.Release|Any CPU.ActiveCfg = Release|Any CPU
		{2FBA311A-59BE-4716-988B-F13BAEC8BA37}.Release|Any CPU.Build.0 = Release|Any CPU
		{B1172CBD-FE8D-46C6-80ED-97DDD7E9E76A}.Debug|Any CPU.ActiveCfg = Debug|Any CPU
		{B1172CBD-FE8D-46C6-80ED-97DDD7E9E76A}.Debug|Any CPU.Build.0 = Debug|Any CPU
		{B1172CBD-FE8D-46C6-80ED-97DDD7E9E76A}.Release|Any CPU.ActiveCfg = Release|Any CPU
		{B1172CBD-FE8D-46C6-80ED-97DDD7E9E76A}.Release|Any CPU.Build.0 = Release|Any CPU
		{C67A8FA5-60F1-4E62-BA20-56947D1DCBB4}.Debug|Any CPU.ActiveCfg = Debug|Any CPU
		{C67A8FA5-60F1-4E62-BA20-56947D1DCBB4}.Debug|Any CPU.Build.0 = Debug|Any CPU
		{C67A8FA5-60F1-4E62-BA20-56947D1DCBB4}.Release|Any CPU.ActiveCfg = Release|Any CPU
		{C67A8FA5-60F1-4E62-BA20-56947D1DCBB4}.Release|Any CPU.Build.0 = Release|Any CPU
		{CA87624D-D7B0-46A0-9B78-94FFD796215E}.Debug|Any CPU.ActiveCfg = Debug|Any CPU
		{CA87624D-D7B0-46A0-9B78-94FFD796215E}.Debug|Any CPU.Build.0 = Debug|Any CPU
		{CA87624D-D7B0-46A0-9B78-94FFD796215E}.Release|Any CPU.ActiveCfg = Release|Any CPU
		{CA87624D-D7B0-46A0-9B78-94FFD796215E}.Release|Any CPU.Build.0 = Release|Any CPU
		{3AF5829E-16CC-4317-8692-97EC2C5ECA01}.Debug|Any CPU.ActiveCfg = Debug|Any CPU
		{3AF5829E-16CC-4317-8692-97EC2C5ECA01}.Debug|Any CPU.Build.0 = Debug|Any CPU
		{3AF5829E-16CC-4317-8692-97EC2C5ECA01}.Release|Any CPU.ActiveCfg = Release|Any CPU
		{3AF5829E-16CC-4317-8692-97EC2C5ECA01}.Release|Any CPU.Build.0 = Release|Any CPU
		{AD1BEA09-5346-4EC5-8D4A-122D535CC842}.Debug|Any CPU.ActiveCfg = Debug|Any CPU
		{AD1BEA09-5346-4EC5-8D4A-122D535CC842}.Debug|Any CPU.Build.0 = Debug|Any CPU
		{AD1BEA09-5346-4EC5-8D4A-122D535CC842}.Release|Any CPU.ActiveCfg = Release|Any CPU
		{AD1BEA09-5346-4EC5-8D4A-122D535CC842}.Release|Any CPU.Build.0 = Release|Any CPU
		{580A871B-BE9B-4F71-9685-08C5ED775999}.Debug|Any CPU.ActiveCfg = Debug|Any CPU
		{580A871B-BE9B-4F71-9685-08C5ED775999}.Debug|Any CPU.Build.0 = Debug|Any CPU
		{580A871B-BE9B-4F71-9685-08C5ED775999}.Release|Any CPU.ActiveCfg = Release|Any CPU
		{580A871B-BE9B-4F71-9685-08C5ED775999}.Release|Any CPU.Build.0 = Release|Any CPU
	EndGlobalSection
	GlobalSection(SolutionProperties) = preSolution
		HideSolutionNode = FALSE
	EndGlobalSection
	GlobalSection(NestedProjects) = preSolution
		{2FBA311A-59BE-4716-988B-F13BAEC8BA37} = {6718DE43-EF48-4E99-8AA2-FCB5B3A1C510}
		{B1172CBD-FE8D-46C6-80ED-97DDD7E9E76A} = {8F3C0BBF-8A6D-4E60-B397-247B10A82F9C}
		{C67A8FA5-60F1-4E62-BA20-56947D1DCBB4} = {F8A026AB-BCC8-4CC3-8A21-8BBA7698E626}
		{CA87624D-D7B0-46A0-9B78-94FFD796215E} = {421DFC7B-251E-482E-913B-7E65C24410F8}
		{3AF5829E-16CC-4317-8692-97EC2C5ECA01} = {32910F8B-52C7-4053-89C4-2194A03ACB8A}
		{AD1BEA09-5346-4EC5-8D4A-122D535CC842} = {D3322B86-DF2F-4785-9237-D5C3284EE705}
		{580A871B-BE9B-4F71-9685-08C5ED775999} = {7514312D-23C1-4E1D-93A6-3164A2A77744}
	EndGlobalSection
	GlobalSection(ExtensibilityGlobals) = postSolution
		SolutionGuid = {ECF55AA0-A6E3-41DD-A63F-EDBAA115D739}
	EndGlobalSection
EndGlobal
